
Microsoft Visual Studio Solution File, Format Version 12.00
# Visual Studio Version 17
VisualStudioVersion = 17.11.35222.181
MinimumVisualStudioVersion = 10.0.40219.1
Project("{FAE04EC0-301F-11D3-BF4B-00C04F79EFBC}") = "Proxy", "Proxy\Proxy.csproj", "{F4B56449-88DF-4B41-8F02-57A47BBAB3CD}"
EndProject
Global
	GlobalSection(SolutionConfigurationPlatforms) = preSolution
		Debug|Any CPU = Debug|Any CPU
		Release|Any CPU = Release|Any CPU
	EndGlobalSection
	GlobalSection(ProjectConfigurationPlatforms) = postSolution
		{F4B56449-88DF-4B41-8F02-57A47BBAB3CD}.Debug|Any CPU.ActiveCfg = Debug|Any CPU
		{F4B56449-88DF-4B41-8F02-57A47BBAB3CD}.Debug|Any CPU.Build.0 = Debug|Any CPU
		{F4B56449-88DF-4B41-8F02-57A47BBAB3CD}.Release|Any CPU.ActiveCfg = Release|Any CPU
		{F4B56449-88DF-4B41-8F02-57A47BBAB3CD}.Release|Any CPU.Build.0 = Release|Any CPU
	EndGlobalSection
	GlobalSection(SolutionProperties) = preSolution
		HideSolutionNode = FALSE
	EndGlobalSection
	GlobalSection(ExtensibilityGlobals) = postSolution
		SolutionGuid = {2EE66931-741B-4A9E-8F18-F6A7A8101C3C}
	EndGlobalSection
EndGlobal
